Microsoft Visual Studio Solution File, Format Version 11.00
# Visual Studio 2008

Project("{69F37529-89A4-188B-52B7-E169374CA82A}") = "The Game", "Assembly-CSharp.csproj", "{CAC73D18-2999-99F7-2FF0-322807A7A3CE}"
EndProject
Global
	GlobalSection(SolutionConfigurationPlatforms) = preSolution
		Debug|Any CPU = Debug|Any CPU
		Release|Any CPU = Release|Any CPU
	EndGlobalSection
	GlobalSection(ProjectConfigurationPlatforms) = postSolution
		{CAC73D18-2999-99F7-2FF0-322807A7A3CE}.Debug|Any CPU.ActiveCfg = Debug|Any CPU
		{CAC73D18-2999-99F7-2FF0-322807A7A3CE}.Debug|Any CPU.Build.0 = Debug|Any CPU
		{CAC73D18-2999-99F7-2FF0-322807A7A3CE}.Release|Any CPU.ActiveCfg = Release|Any CPU
		{CAC73D18-2999-99F7-2FF0-322807A7A3CE}.Release|Any CPU.Build.0 = Release|Any CPU
	EndGlobalSection
	GlobalSection(SolutionProperties) = preSolution
		HideSolutionNode = FALSE
	EndGlobalSection
	GlobalSection(MonoDevelopProperties) = preSolution
		StartupItem = Assembly-CSharp.csproj
	EndGlobalSection
EndGlobal
