Microsoft Visual Studio Solution File, Format Version 11.00
# Visual Studio 2008

Project("{A64F6897-D811-6505-8385-93E60DA9F700}") = "Can you hear me now", "Assembly-CSharp.csproj", "{45A2DB00-F1E0-5764-9597-7DF2092BE785}"
EndProject
Global
	GlobalSection(SolutionConfigurationPlatforms) = preSolution
		Debug|Any CPU = Debug|Any CPU
		Release|Any CPU = Release|Any CPU
	EndGlobalSection
	GlobalSection(ProjectConfigurationPlatforms) = postSolution
		{45A2DB00-F1E0-5764-9597-7DF2092BE785}.Debug|Any CPU.ActiveCfg = Debug|Any CPU
		{45A2DB00-F1E0-5764-9597-7DF2092BE785}.Debug|Any CPU.Build.0 = Debug|Any CPU
		{45A2DB00-F1E0-5764-9597-7DF2092BE785}.Release|Any CPU.ActiveCfg = Release|Any CPU
		{45A2DB00-F1E0-5764-9597-7DF2092BE785}.Release|Any CPU.Build.0 = Release|Any CPU
	EndGlobalSection
	GlobalSection(SolutionProperties) = preSolution
		HideSolutionNode = FALSE
	EndGlobalSection
	GlobalSection(MonoDevelopProperties) = preSolution
		StartupItem = Assembly-CSharp.csproj
	EndGlobalSection
EndGlobal
