Microsoft Visual Studio Solution File, Format Version 11.00
# Visual Studio 2008

Project("{EBB47058-9BEB-039D-C998-F2D346C06200}") = "Eloe Bearcathenge", "Assembly-CSharp-firstpass.csproj", "{498F9025-D546-F6DB-E2D7-1C8E81473063}"
EndProject
Project("{EBB47058-9BEB-039D-C998-F2D346C06200}") = "Eloe Bearcathenge", "Assembly-CSharp.csproj", "{7D1DF320-C05D-7C51-C26C-9A8B7C66E93B}"
EndProject
Project("{EBB47058-9BEB-039D-C998-F2D346C06200}") = "Eloe Bearcathenge", "Assembly-CSharp-Editor.csproj", "{A9E06E6F-D14A-E17C-FE6D-607C5E09FBC8}"
EndProject
Global
	GlobalSection(SolutionConfigurationPlatforms) = preSolution
		Debug|Any CPU = Debug|Any CPU
		Release|Any CPU = Release|Any CPU
	EndGlobalSection
	GlobalSection(ProjectConfigurationPlatforms) = postSolution
		{498F9025-D546-F6DB-E2D7-1C8E81473063}.Debug|Any CPU.ActiveCfg = Debug|Any CPU
		{498F9025-D546-F6DB-E2D7-1C8E81473063}.Debug|Any CPU.Build.0 = Debug|Any CPU
		{498F9025-D546-F6DB-E2D7-1C8E81473063}.Release|Any CPU.ActiveCfg = Release|Any CPU
		{498F9025-D546-F6DB-E2D7-1C8E81473063}.Release|Any CPU.Build.0 = Release|Any CPU
		{7D1DF320-C05D-7C51-C26C-9A8B7C66E93B}.Debug|Any CPU.ActiveCfg = Debug|Any CPU
		{7D1DF320-C05D-7C51-C26C-9A8B7C66E93B}.Debug|Any CPU.Build.0 = Debug|Any CPU
		{7D1DF320-C05D-7C51-C26C-9A8B7C66E93B}.Release|Any CPU.ActiveCfg = Release|Any CPU
		{7D1DF320-C05D-7C51-C26C-9A8B7C66E93B}.Release|Any CPU.Build.0 = Release|Any CPU
		{A9E06E6F-D14A-E17C-FE6D-607C5E09FBC8}.Debug|Any CPU.ActiveCfg = Debug|Any CPU
		{A9E06E6F-D14A-E17C-FE6D-607C5E09FBC8}.Debug|Any CPU.Build.0 = Debug|Any CPU
		{A9E06E6F-D14A-E17C-FE6D-607C5E09FBC8}.Release|Any CPU.ActiveCfg = Release|Any CPU
		{A9E06E6F-D14A-E17C-FE6D-607C5E09FBC8}.Release|Any CPU.Build.0 = Release|Any CPU
	EndGlobalSection
	GlobalSection(SolutionProperties) = preSolution
		HideSolutionNode = FALSE
	EndGlobalSection
	GlobalSection(MonoDevelopProperties) = preSolution
		StartupItem = Assembly-CSharp.csproj
	EndGlobalSection
EndGlobal
