Microsoft Visual Studio Solution File, Format Version 11.00
# Visual Studio 2008

Project("{F45B6BCD-6E29-D786-4B1C-36DEEB92426F}") = "Eloe Another One Bytes the Dust", "Assembly-CSharp.csproj", "{CA5F418F-B05F-DB7E-DB97-1F1D322883A9}"
EndProject
Global
	GlobalSection(SolutionConfigurationPlatforms) = preSolution
		Debug|Any CPU = Debug|Any CPU
		Release|Any CPU = Release|Any CPU
	EndGlobalSection
	GlobalSection(ProjectConfigurationPlatforms) = postSolution
		{CA5F418F-B05F-DB7E-DB97-1F1D322883A9}.Debug|Any CPU.ActiveCfg = Debug|Any CPU
		{CA5F418F-B05F-DB7E-DB97-1F1D322883A9}.Debug|Any CPU.Build.0 = Debug|Any CPU
		{CA5F418F-B05F-DB7E-DB97-1F1D322883A9}.Release|Any CPU.ActiveCfg = Release|Any CPU
		{CA5F418F-B05F-DB7E-DB97-1F1D322883A9}.Release|Any CPU.Build.0 = Release|Any CPU
	EndGlobalSection
	GlobalSection(SolutionProperties) = preSolution
		HideSolutionNode = FALSE
	EndGlobalSection
	GlobalSection(MonoDevelopProperties) = preSolution
		StartupItem = Assembly-CSharp.csproj
	EndGlobalSection
EndGlobal
