Microsoft Visual Studio Solution File, Format Version 11.00
# Visual Studio 2008

Project("{EFDB82B6-6DB3-71AC-0F6E-934B7D97F4F6}") = "End of the World!", "Assembly-CSharp.csproj", "{15C7B496-B10A-B8F5-F4D3-6596AD2F24C2}"
EndProject
Project("{EFDB82B6-6DB3-71AC-0F6E-934B7D97F4F6}") = "End of the World!", "Assembly-CSharp-Editor.csproj", "{81E5F936-A1E7-C7C7-87A3-673F156B00D8}"
EndProject
Global
	GlobalSection(SolutionConfigurationPlatforms) = preSolution
		Debug|Any CPU = Debug|Any CPU
		Release|Any CPU = Release|Any CPU
	EndGlobalSection
	GlobalSection(ProjectConfigurationPlatforms) = postSolution
		{15C7B496-B10A-B8F5-F4D3-6596AD2F24C2}.Debug|Any CPU.ActiveCfg = Debug|Any CPU
		{15C7B496-B10A-B8F5-F4D3-6596AD2F24C2}.Debug|Any CPU.Build.0 = Debug|Any CPU
		{15C7B496-B10A-B8F5-F4D3-6596AD2F24C2}.Release|Any CPU.ActiveCfg = Release|Any CPU
		{15C7B496-B10A-B8F5-F4D3-6596AD2F24C2}.Release|Any CPU.Build.0 = Release|Any CPU
		{81E5F936-A1E7-C7C7-87A3-673F156B00D8}.Debug|Any CPU.ActiveCfg = Debug|Any CPU
		{81E5F936-A1E7-C7C7-87A3-673F156B00D8}.Debug|Any CPU.Build.0 = Debug|Any CPU
		{81E5F936-A1E7-C7C7-87A3-673F156B00D8}.Release|Any CPU.ActiveCfg = Release|Any CPU
		{81E5F936-A1E7-C7C7-87A3-673F156B00D8}.Release|Any CPU.Build.0 = Release|Any CPU
	EndGlobalSection
	GlobalSection(SolutionProperties) = preSolution
		HideSolutionNode = FALSE
	EndGlobalSection
	GlobalSection(MonoDevelopProperties) = preSolution
		StartupItem = Assembly-CSharp.csproj
	EndGlobalSection
EndGlobal
