Microsoft Visual Studio Solution File, Format Version 11.00
# Visual Studio 2008

Project("{4F1B0AAB-6CF1-0668-272C-91BA465393EB}") = "Casino Bearcat Eloe", "Assembly-CSharp.csproj", "{190B4C7D-DB09-57EA-602F-B3BE99AB2C2D}"
EndProject
Project("{4F1B0AAB-6CF1-0668-272C-91BA465393EB}") = "Casino Bearcat Eloe", "Assembly-CSharp-Editor.csproj", "{8997F6F3-76FA-B0D4-894D-E6AEF4D50259}"
EndProject
Global
	GlobalSection(SolutionConfigurationPlatforms) = preSolution
		Debug|Any CPU = Debug|Any CPU
		Release|Any CPU = Release|Any CPU
	EndGlobalSection
	GlobalSection(ProjectConfigurationPlatforms) = postSolution
		{190B4C7D-DB09-57EA-602F-B3BE99AB2C2D}.Debug|Any CPU.ActiveCfg = Debug|Any CPU
		{190B4C7D-DB09-57EA-602F-B3BE99AB2C2D}.Debug|Any CPU.Build.0 = Debug|Any CPU
		{190B4C7D-DB09-57EA-602F-B3BE99AB2C2D}.Release|Any CPU.ActiveCfg = Release|Any CPU
		{190B4C7D-DB09-57EA-602F-B3BE99AB2C2D}.Release|Any CPU.Build.0 = Release|Any CPU
		{8997F6F3-76FA-B0D4-894D-E6AEF4D50259}.Debug|Any CPU.ActiveCfg = Debug|Any CPU
		{8997F6F3-76FA-B0D4-894D-E6AEF4D50259}.Debug|Any CPU.Build.0 = Debug|Any CPU
		{8997F6F3-76FA-B0D4-894D-E6AEF4D50259}.Release|Any CPU.ActiveCfg = Release|Any CPU
		{8997F6F3-76FA-B0D4-894D-E6AEF4D50259}.Release|Any CPU.Build.0 = Release|Any CPU
	EndGlobalSection
	GlobalSection(SolutionProperties) = preSolution
		HideSolutionNode = FALSE
	EndGlobalSection
	GlobalSection(MonoDevelopProperties) = preSolution
		StartupItem = Assembly-CSharp.csproj
	EndGlobalSection
EndGlobal
